
Microsoft Visual Studio Solution File, Format Version 12.00
# Visual Studio 15
VisualStudioVersion = 15.0.28307.421
MinimumVisualStudioVersion = 10.0.40219.1
Project("{FAE04EC0-301F-11D3-BF4B-00C04F79EFBC}") = "quizApp.Android", "quizApp\quizApp.Android\quizApp.Android.csproj", "{B9D3AE63-CA45-4F31-8B2E-EA4B86506B12}"
EndProject
Project("{FAE04EC0-301F-11D3-BF4B-00C04F79EFBC}") = "quizApp.iOS", "quizApp\quizApp.iOS\quizApp.iOS.csproj", "{931C3291-A6F1-475E-A581-19D765DC8FCC}"
EndProject
Project("{FAE04EC0-301F-11D3-BF4B-00C04F79EFBC}") = "quizApp.UWP", "quizApp\quizApp.UWP\quizApp.UWP.csproj", "{24E25E84-35FD-44E5-9E99-D5066B404441}"
EndProject
Project("{FAE04EC0-301F-11D3-BF4B-00C04F79EFBC}") = "quizApp", "quizApp\quizApp\quizApp.csproj", "{8AFC6F3B-2EA2-48B9-BABD-E0013839803A}"
EndProject
Global
	GlobalSection(SolutionConfigurationPlatforms) = preSolution
		Ad-Hoc|Any CPU = Ad-Hoc|Any CPU
		Ad-Hoc|ARM = Ad-Hoc|ARM
		Ad-Hoc|iPhone = Ad-Hoc|iPhone
		Ad-Hoc|iPhoneSimulator = Ad-Hoc|iPhoneSimulator
		Ad-Hoc|x64 = Ad-Hoc|x64
		Ad-Hoc|x86 = Ad-Hoc|x86
		AppStore|Any CPU = AppStore|Any CPU
		AppStore|ARM = AppStore|ARM
		AppStore|iPhone = AppStore|iPhone
		AppStore|iPhoneSimulator = AppStore|iPhoneSimulator
		AppStore|x64 = AppStore|x64
		AppStore|x86 = AppStore|x86
		Debug|Any CPU = Debug|Any CPU
		Debug|ARM = Debug|ARM
		Debug|iPhone = Debug|iPhone
		Debug|iPhoneSimulator = Debug|iPhoneSimulator
		Debug|x64 = Debug|x64
		Debug|x86 = Debug|x86
		Release|Any CPU = Release|Any CPU
		Release|ARM = Release|ARM
		Release|iPhone = Release|iPhone
		Release|iPhoneSimulator = Release|iPhoneSimulator
		Release|x64 = Release|x64
		Release|x86 = Release|x86
	EndGlobalSection
	GlobalSection(ProjectConfigurationPlatforms) = postSolution
		{B9D3AE63-CA45-4F31-8B2E-EA4B86506B12}.Ad-Hoc|Any CPU.ActiveCfg = Release|Any CPU
		{B9D3AE63-CA45-4F31-8B2E-EA4B86506B12}.Ad-Hoc|Any CPU.Build.0 = Release|Any CPU
		{B9D3AE63-CA45-4F31-8B2E-EA4B86506B12}.Ad-Hoc|Any CPU.Deploy.0 = Release|Any CPU
		{B9D3AE63-CA45-4F31-8B2E-EA4B86506B12}.Ad-Hoc|ARM.ActiveCfg = Release|Any CPU
		{B9D3AE63-CA45-4F31-8B2E-EA4B86506B12}.Ad-Hoc|ARM.Build.0 = Release|Any CPU
		{B9D3AE63-CA45-4F31-8B2E-EA4B86506B12}.Ad-Hoc|ARM.Deploy.0 = Release|Any CPU
		{B9D3AE63-CA45-4F31-8B2E-EA4B86506B12}.Ad-Hoc|iPhone.ActiveCfg = Release|Any CPU
		{B9D3AE63-CA45-4F31-8B2E-EA4B86506B12}.Ad-Hoc|iPhone.Build.0 = Release|Any CPU
		{B9D3AE63-CA45-4F31-8B2E-EA4B86506B12}.Ad-Hoc|iPhone.Deploy.0 = Release|Any CPU
		{B9D3AE63-CA45-4F31-8B2E-EA4B86506B12}.Ad-Hoc|iPhoneSimulator.ActiveCfg = Release|Any CPU
		{B9D3AE63-CA45-4F31-8B2E-EA4B86506B12}.Ad-Hoc|iPhoneSimulator.Build.0 = Release|Any CPU
		{B9D3AE63-CA45-4F31-8B2E-EA4B86506B12}.Ad-Hoc|iPhoneSimulator.Deploy.0 = Release|Any CPU
		{B9D3AE63-CA45-4F31-8B2E-EA4B86506B12}.Ad-Hoc|x64.ActiveCfg = Release|Any CPU
		{B9D3AE63-CA45-4F31-8B2E-EA4B86506B12}.Ad-Hoc|x64.Build.0 = Release|Any CPU
		{B9D3AE63-CA45-4F31-8B2E-EA4B86506B12}.Ad-Hoc|x64.Deploy.0 = Release|Any CPU
		{B9D3AE63-CA45-4F31-8B2E-EA4B86506B12}.Ad-Hoc|x86.ActiveCfg = Release|Any CPU
		{B9D3AE63-CA45-4F31-8B2E-EA4B86506B12}.Ad-Hoc|x86.Build.0 = Release|Any CPU
		{B9D3AE63-CA45-4F31-8B2E-EA4B86506B12}.Ad-Hoc|x86.Deploy.0 = Release|Any CPU
		{B9D3AE63-CA45-4F31-8B2E-EA4B86506B12}.AppStore|Any CPU.ActiveCfg = Release|Any CPU
		{B9D3AE63-CA45-4F31-8B2E-EA4B86506B12}.AppStore|Any CPU.Build.0 = Release|Any CPU
		{B9D3AE63-CA45-4F31-8B2E-EA4B86506B12}.AppStore|Any CPU.Deploy.0 = Release|Any CPU
		{B9D3AE63-CA45-4F31-8B2E-EA4B86506B12}.AppStore|ARM.ActiveCfg = Release|Any CPU
		{B9D3AE63-CA45-4F31-8B2E-EA4B86506B12}.AppStore|ARM.Build.0 = Release|Any CPU
		{B9D3AE63-CA45-4F31-8B2E-EA4B86506B12}.AppStore|ARM.Deploy.0 = Release|Any CPU
		{B9D3AE63-CA45-4F31-8B2E-EA4B86506B12}.AppStore|iPhone.ActiveCfg = Release|Any CPU
		{B9D3AE63-CA45-4F31-8B2E-EA4B86506B12}.AppStore|iPhone.Build.0 = Release|Any CPU
		{B9D3AE63-CA45-4F31-8B2E-EA4B86506B12}.AppStore|iPhone.Deploy.0 = Release|Any CPU
		{B9D3AE63-CA45-4F31-8B2E-EA4B86506B12}.AppStore|iPhoneSimulator.ActiveCfg = Release|Any CPU
		{B9D3AE63-CA45-4F31-8B2E-EA4B86506B12}.AppStore|iPhoneSimulator.Build.0 = Release|Any CPU
		{B9D3AE63-CA45-4F31-8B2E-EA4B86506B12}.AppStore|iPhoneSimulator.Deploy.0 = Release|Any CPU
		{B9D3AE63-CA45-4F31-8B2E-EA4B86506B12}.AppStore|x64.ActiveCfg = Release|Any CPU
		{B9D3AE63-CA45-4F31-8B2E-EA4B86506B12}.AppStore|x64.Build.0 = Release|Any CPU
		{B9D3AE63-CA45-4F31-8B2E-EA4B86506B12}.AppStore|x64.Deploy.0 = Release|Any CPU
		{B9D3AE63-CA45-4F31-8B2E-EA4B86506B12}.AppStore|x86.ActiveCfg = Release|Any CPU
		{B9D3AE63-CA45-4F31-8B2E-EA4B86506B12}.AppStore|x86.Build.0 = Release|Any CPU
		{B9D3AE63-CA45-4F31-8B2E-EA4B86506B12}.AppStore|x86.Deploy.0 = Release|Any CPU
		{B9D3AE63-CA45-4F31-8B2E-EA4B86506B12}.Debug|Any CPU.ActiveCfg = Debug|Any CPU
		{B9D3AE63-CA45-4F31-8B2E-EA4B86506B12}.Debug|Any CPU.Build.0 = Debug|Any CPU
		{B9D3AE63-CA45-4F31-8B2E-EA4B86506B12}.Debug|Any CPU.Deploy.0 = Debug|Any CPU
		{B9D3AE63-CA45-4F31-8B2E-EA4B86506B12}.Debug|ARM.ActiveCfg = Debug|Any CPU
		{B9D3AE63-CA45-4F31-8B2E-EA4B86506B12}.Debug|ARM.Build.0 = Debug|Any CPU
		{B9D3AE63-CA45-4F31-8B2E-EA4B86506B12}.Debug|ARM.Deploy.0 = Debug|Any CPU
		{B9D3AE63-CA45-4F31-8B2E-EA4B86506B12}.Debug|iPhone.ActiveCfg = Debug|Any CPU
		{B9D3AE63-CA45-4F31-8B2E-EA4B86506B12}.Debug|iPhone.Build.0 = Debug|Any CPU
		{B9D3AE63-CA45-4F31-8B2E-EA4B86506B12}.Debug|iPhone.Deploy.0 = Debug|Any CPU
		{B9D3AE63-CA45-4F31-8B2E-EA4B86506B12}.Debug|iPhoneSimulator.ActiveCfg = Debug|Any CPU
		{B9D3AE63-CA45-4F31-8B2E-EA4B86506B12}.Debug|iPhoneSimulator.Build.0 = Debug|Any CPU
		{B9D3AE63-CA45-4F31-8B2E-EA4B86506B12}.Debug|iPhoneSimulator.Deploy.0 = Debug|Any CPU
		{B9D3AE63-CA45-4F31-8B2E-EA4B86506B12}.Debug|x64.ActiveCfg = Debug|Any CPU
		{B9D3AE63-CA45-4F31-8B2E-EA4B86506B12}.Debug|x64.Build.0 = Debug|Any CPU
		{B9D3AE63-CA45-4F31-8B2E-EA4B86506B12}.Debug|x64.Deploy.0 = Debug|Any CPU
		{B9D3AE63-CA45-4F31-8B2E-EA4B86506B12}.Debug|x86.ActiveCfg = Debug|Any CPU
		{B9D3AE63-CA45-4F31-8B2E-EA4B86506B12}.Debug|x86.Build.0 = Debug|Any CPU
		{B9D3AE63-CA45-4F31-8B2E-EA4B86506B12}.Debug|x86.Deploy.0 = Debug|Any CPU
		{B9D3AE63-CA45-4F31-8B2E-EA4B86506B12}.Release|Any CPU.ActiveCfg = Release|Any CPU
		{B9D3AE63-CA45-4F31-8B2E-EA4B86506B12}.Release|Any CPU.Build.0 = Release|Any CPU
		{B9D3AE63-CA45-4F31-8B2E-EA4B86506B12}.Release|Any CPU.Deploy.0 = Release|Any CPU
		{B9D3AE63-CA45-4F31-8B2E-EA4B86506B12}.Release|ARM.ActiveCfg = Release|Any CPU
		{B9D3AE63-CA45-4F31-8B2E-EA4B86506B12}.Release|ARM.Build.0 = Release|Any CPU
		{B9D3AE63-CA45-4F31-8B2E-EA4B86506B12}.Release|ARM.Deploy.0 = Release|Any CPU
		{B9D3AE63-CA45-4F31-8B2E-EA4B86506B12}.Release|iPhone.ActiveCfg = Release|Any CPU
		{B9D3AE63-CA45-4F31-8B2E-EA4B86506B12}.Release|iPhone.Build.0 = Release|Any CPU
		{B9D3AE63-CA45-4F31-8B2E-EA4B86506B12}.Release|iPhone.Deploy.0 = Release|Any CPU
		{B9D3AE63-CA45-4F31-8B2E-EA4B86506B12}.Release|iPhoneSimulator.ActiveCfg = Release|Any CPU
		{B9D3AE63-CA45-4F31-8B2E-EA4B86506B12}.Release|iPhoneSimulator.Build.0 = Release|Any CPU
		{B9D3AE63-CA45-4F31-8B2E-EA4B86506B12}.Release|iPhoneSimulator.Deploy.0 = Release|Any CPU
		{B9D3AE63-CA45-4F31-8B2E-EA4B86506B12}.Release|x64.ActiveCfg = Release|Any CPU
		{B9D3AE63-CA45-4F31-8B2E-EA4B86506B12}.Release|x64.Build.0 = Release|Any CPU
		{B9D3AE63-CA45-4F31-8B2E-EA4B86506B12}.Release|x64.Deploy.0 = Release|Any CPU
		{B9D3AE63-CA45-4F31-8B2E-EA4B86506B12}.Release|x86.ActiveCfg = Release|Any CPU
		{B9D3AE63-CA45-4F31-8B2E-EA4B86506B12}.Release|x86.Build.0 = Release|Any CPU
		{B9D3AE63-CA45-4F31-8B2E-EA4B86506B12}.Release|x86.Deploy.0 = Release|Any CPU
		{931C3291-A6F1-475E-A581-19D765DC8FCC}.Ad-Hoc|Any CPU.ActiveCfg = Ad-Hoc|iPhone
		{931C3291-A6F1-475E-A581-19D765DC8FCC}.Ad-Hoc|Any CPU.Build.0 = Ad-Hoc|iPhone
		{931C3291-A6F1-475E-A581-19D765DC8FCC}.Ad-Hoc|Any CPU.Deploy.0 = Ad-Hoc|iPhone
		{931C3291-A6F1-475E-A581-19D765DC8FCC}.Ad-Hoc|ARM.ActiveCfg = Ad-Hoc|iPhone
		{931C3291-A6F1-475E-A581-19D765DC8FCC}.Ad-Hoc|ARM.Build.0 = Ad-Hoc|iPhone
		{931C3291-A6F1-475E-A581-19D765DC8FCC}.Ad-Hoc|ARM.Deploy.0 = Ad-Hoc|iPhone
		{931C3291-A6F1-475E-A581-19D765DC8FCC}.Ad-Hoc|iPhone.ActiveCfg = Ad-Hoc|iPhone
		{931C3291-A6F1-475E-A581-19D765DC8FCC}.Ad-Hoc|iPhone.Build.0 = Ad-Hoc|iPhone
		{931C3291-A6F1-475E-A581-19D765DC8FCC}.Ad-Hoc|iPhone.Deploy.0 = Ad-Hoc|iPhone
		{931C3291-A6F1-475E-A581-19D765DC8FCC}.Ad-Hoc|iPhoneSimulator.ActiveCfg = Ad-Hoc|iPhoneSimulator
		{931C3291-A6F1-475E-A581-19D765DC8FCC}.Ad-Hoc|iPhoneSimulator.Build.0 = Ad-Hoc|iPhoneSimulator
		{931C3291-A6F1-475E-A581-19D765DC8FCC}.Ad-Hoc|iPhoneSimulator.Deploy.0 = Ad-Hoc|iPhoneSimulator
		{931C3291-A6F1-475E-A581-19D765DC8FCC}.Ad-Hoc|x64.ActiveCfg = Ad-Hoc|iPhone
		{931C3291-A6F1-475E-A581-19D765DC8FCC}.Ad-Hoc|x64.Build.0 = Ad-Hoc|iPhone
		{931C3291-A6F1-475E-A581-19D765DC8FCC}.Ad-Hoc|x64.Deploy.0 = Ad-Hoc|iPhone
		{931C3291-A6F1-475E-A581-19D765DC8FCC}.Ad-Hoc|x86.ActiveCfg = Ad-Hoc|iPhone
		{931C3291-A6F1-475E-A581-19D765DC8FCC}.Ad-Hoc|x86.Build.0 = Ad-Hoc|iPhone
		{931C3291-A6F1-475E-A581-19D765DC8FCC}.Ad-Hoc|x86.Deploy.0 = Ad-Hoc|iPhone
		{931C3291-A6F1-475E-A581-19D765DC8FCC}.AppStore|Any CPU.ActiveCfg = AppStore|iPhone
		{931C3291-A6F1-475E-A581-19D765DC8FCC}.AppStore|Any CPU.Build.0 = AppStore|iPhone
		{931C3291-A6F1-475E-A581-19D765DC8FCC}.AppStore|Any CPU.Deploy.0 = AppStore|iPhone
		{931C3291-A6F1-475E-A581-19D765DC8FCC}.AppStore|ARM.ActiveCfg = AppStore|iPhone
		{931C3291-A6F1-475E-A581-19D765DC8FCC}.AppStore|ARM.Build.0 = AppStore|iPhone
		{931C3291-A6F1-475E-A581-19D765DC8FCC}.AppStore|ARM.Deploy.0 = AppStore|iPhone
		{931C3291-A6F1-475E-A581-19D765DC8FCC}.AppStore|iPhone.ActiveCfg = AppStore|iPhone
		{931C3291-A6F1-475E-A581-19D765DC8FCC}.AppStore|iPhone.Build.0 = AppStore|iPhone
		{931C3291-A6F1-475E-A581-19D765DC8FCC}.AppStore|iPhone.Deploy.0 = AppStore|iPhone
		{931C3291-A6F1-475E-A581-19D765DC8FCC}.AppStore|iPhoneSimulator.ActiveCfg = AppStore|iPhoneSimulator
		{931C3291-A6F1-475E-A581-19D765DC8FCC}.AppStore|iPhoneSimulator.Build.0 = AppStore|iPhoneSimulator
		{931C3291-A6F1-475E-A581-19D765DC8FCC}.AppStore|iPhoneSimulator.Deploy.0 = AppStore|iPhoneSimulator
		{931C3291-A6F1-475E-A581-19D765DC8FCC}.AppStore|x64.ActiveCfg = AppStore|iPhone
		{931C3291-A6F1-475E-A581-19D765DC8FCC}.AppStore|x64.Build.0 = AppStore|iPhone
		{931C3291-A6F1-475E-A581-19D765DC8FCC}.AppStore|x64.Deploy.0 = AppStore|iPhone
		{931C3291-A6F1-475E-A581-19D765DC8FCC}.AppStore|x86.ActiveCfg = AppStore|iPhone
		{931C3291-A6F1-475E-A581-19D765DC8FCC}.AppStore|x86.Build.0 = AppStore|iPhone
		{931C3291-A6F1-475E-A581-19D765DC8FCC}.AppStore|x86.Deploy.0 = AppStore|iPhone
		{931C3291-A6F1-475E-A581-19D765DC8FCC}.Debug|Any CPU.ActiveCfg = Debug|iPhoneSimulator
		{931C3291-A6F1-475E-A581-19D765DC8FCC}.Debug|Any CPU.Build.0 = Debug|iPhoneSimulator
		{931C3291-A6F1-475E-A581-19D765DC8FCC}.Debug|Any CPU.Deploy.0 = Debug|iPhoneSimulator
		{931C3291-A6F1-475E-A581-19D765DC8FCC}.Debug|ARM.ActiveCfg = Debug|iPhone
		{931C3291-A6F1-475E-A581-19D765DC8FCC}.Debug|ARM.Build.0 = Debug|iPhone
		{931C3291-A6F1-475E-A581-19D765DC8FCC}.Debug|ARM.Deploy.0 = Debug|iPhone
		{931C3291-A6F1-475E-A581-19D765DC8FCC}.Debug|iPhone.ActiveCfg = Debug|iPhone
		{931C3291-A6F1-475E-A581-19D765DC8FCC}.Debug|iPhone.Build.0 = Debug|iPhone
		{931C3291-A6F1-475E-A581-19D765DC8FCC}.Debug|iPhone.Deploy.0 = Debug|iPhone
		{931C3291-A6F1-475E-A581-19D765DC8FCC}.Debug|iPhoneSimulator.ActiveCfg = Debug|iPhoneSimulator
		{931C3291-A6F1-475E-A581-19D765DC8FCC}.Debug|iPhoneSimulator.Build.0 = Debug|iPhoneSimulator
		{931C3291-A6F1-475E-A581-19D765DC8FCC}.Debug|iPhoneSimulator.Deploy.0 = Debug|iPhoneSimulator
		{931C3291-A6F1-475E-A581-19D765DC8FCC}.Debug|x64.ActiveCfg = Debug|iPhone
		{931C3291-A6F1-475E-A581-19D765DC8FCC}.Debug|x64.Build.0 = Debug|iPhone
		{931C3291-A6F1-475E-A581-19D765DC8FCC}.Debug|x64.Deploy.0 = Debug|iPhone
		{931C3291-A6F1-475E-A581-19D765DC8FCC}.Debug|x86.ActiveCfg = Debug|iPhone
		{931C3291-A6F1-475E-A581-19D765DC8FCC}.Debug|x86.Build.0 = Debug|iPhone
		{931C3291-A6F1-475E-A581-19D765DC8FCC}.Debug|x86.Deploy.0 = Debug|iPhone
		{931C3291-A6F1-475E-A581-19D765DC8FCC}.Release|Any CPU.ActiveCfg = Release|iPhone
		{931C3291-A6F1-475E-A581-19D765DC8FCC}.Release|Any CPU.Build.0 = Release|iPhone
		{931C3291-A6F1-475E-A581-19D765DC8FCC}.Release|Any CPU.Deploy.0 = Release|iPhone
		{931C3291-A6F1-475E-A581-19D765DC8FCC}.Release|ARM.ActiveCfg = Release|iPhone
		{931C3291-A6F1-475E-A581-19D765DC8FCC}.Release|ARM.Build.0 = Release|iPhone
		{931C3291-A6F1-475E-A581-19D765DC8FCC}.Release|ARM.Deploy.0 = Release|iPhone
		{931C3291-A6F1-475E-A581-19D765DC8FCC}.Release|iPhone.ActiveCfg = Release|iPhone
		{931C3291-A6F1-475E-A581-19D765DC8FCC}.Release|iPhone.Build.0 = Release|iPhone
		{931C3291-A6F1-475E-A581-19D765DC8FCC}.Release|iPhone.Deploy.0 = Release|iPhone
		{931C3291-A6F1-475E-A581-19D765DC8FCC}.Release|iPhoneSimulator.ActiveCfg = Release|iPhoneSimulator
		{931C3291-A6F1-475E-A581-19D765DC8FCC}.Release|iPhoneSimulator.Build.0 = Release|iPhoneSimulator
		{931C3291-A6F1-475E-A581-19D765DC8FCC}.Release|iPhoneSimulator.Deploy.0 = Release|iPhoneSimulator
		{931C3291-A6F1-475E-A581-19D765DC8FCC}.Release|x64.ActiveCfg = Release|iPhone
		{931C3291-A6F1-475E-A581-19D765DC8FCC}.Release|x64.Build.0 = Release|iPhone
		{931C3291-A6F1-475E-A581-19D765DC8FCC}.Release|x64.Deploy.0 = Release|iPhone
		{931C3291-A6F1-475E-A581-19D765DC8FCC}.Release|x86.ActiveCfg = Release|iPhone
		{931C3291-A6F1-475E-A581-19D765DC8FCC}.Release|x86.Build.0 = Release|iPhone
		{931C3291-A6F1-475E-A581-19D765DC8FCC}.Release|x86.Deploy.0 = Release|iPhone
		{24E25E84-35FD-44E5-9E99-D5066B404441}.Ad-Hoc|Any CPU.ActiveCfg = Release|x86
		{24E25E84-35FD-44E5-9E99-D5066B404441}.Ad-Hoc|Any CPU.Build.0 = Release|x86
		{24E25E84-35FD-44E5-9E99-D5066B404441}.Ad-Hoc|Any CPU.Deploy.0 = Release|x86
		{24E25E84-35FD-44E5-9E99-D5066B404441}.Ad-Hoc|ARM.ActiveCfg = Release|ARM
		{24E25E84-35FD-44E5-9E99-D5066B404441}.Ad-Hoc|ARM.Build.0 = Release|ARM
		{24E25E84-35FD-44E5-9E99-D5066B404441}.Ad-Hoc|ARM.Deploy.0 = Release|ARM
		{24E25E84-35FD-44E5-9E99-D5066B404441}.Ad-Hoc|iPhone.ActiveCfg = Release|x86
		{24E25E84-35FD-44E5-9E99-D5066B404441}.Ad-Hoc|iPhone.Build.0 = Release|x86
		{24E25E84-35FD-44E5-9E99-D5066B404441}.Ad-Hoc|iPhone.Deploy.0 = Release|x86
		{24E25E84-35FD-44E5-9E99-D5066B404441}.Ad-Hoc|iPhoneSimulator.ActiveCfg = Release|x86
		{24E25E84-35FD-44E5-9E99-D5066B404441}.Ad-Hoc|iPhoneSimulator.Build.0 = Release|x86
		{24E25E84-35FD-44E5-9E99-D5066B404441}.Ad-Hoc|iPhoneSimulator.Deploy.0 = Release|x86
		{24E25E84-35FD-44E5-9E99-D5066B404441}.Ad-Hoc|x64.ActiveCfg = Release|x64
		{24E25E84-35FD-44E5-9E99-D5066B404441}.Ad-Hoc|x64.Build.0 = Release|x64
		{24E25E84-35FD-44E5-9E99-D5066B404441}.Ad-Hoc|x64.Deploy.0 = Release|x64
		{24E25E84-35FD-44E5-9E99-D5066B404441}.Ad-Hoc|x86.ActiveCfg = Release|x86
		{24E25E84-35FD-44E5-9E99-D5066B404441}.Ad-Hoc|x86.Build.0 = Release|x86
		{24E25E84-35FD-44E5-9E99-D5066B404441}.Ad-Hoc|x86.Deploy.0 = Release|x86
		{24E25E84-35FD-44E5-9E99-D5066B404441}.AppStore|Any CPU.ActiveCfg = Release|x86
		{24E25E84-35FD-44E5-9E99-D5066B404441}.AppStore|Any CPU.Build.0 = Release|x86
		{24E25E84-35FD-44E5-9E99-D5066B404441}.AppStore|Any CPU.Deploy.0 = Release|x86
		{24E25E84-35FD-44E5-9E99-D5066B404441}.AppStore|ARM.ActiveCfg = Release|ARM
		{24E25E84-35FD-44E5-9E99-D5066B404441}.AppStore|ARM.Build.0 = Release|ARM
		{24E25E84-35FD-44E5-9E99-D5066B404441}.AppStore|ARM.Deploy.0 = Release|ARM
		{24E25E84-35FD-44E5-9E99-D5066B404441}.AppStore|iPhone.ActiveCfg = Release|x86
		{24E25E84-35FD-44E5-9E99-D5066B404441}.AppStore|iPhone.Build.0 = Release|x86
		{24E25E84-35FD-44E5-9E99-D5066B404441}.AppStore|iPhone.Deploy.0 = Release|x86
		{24E25E84-35FD-44E5-9E99-D5066B404441}.AppStore|iPhoneSimulator.ActiveCfg = Release|x86
		{24E25E84-35FD-44E5-9E99-D5066B404441}.AppStore|iPhoneSimulator.Build.0 = Release|x86
		{24E25E84-35FD-44E5-9E99-D5066B404441}.AppStore|iPhoneSimulator.Deploy.0 = Release|x86
		{24E25E84-35FD-44E5-9E99-D5066B404441}.AppStore|x64.ActiveCfg = Release|x64
		{24E25E84-35FD-44E5-9E99-D5066B404441}.AppStore|x64.Build.0 = Release|x64
		{24E25E84-35FD-44E5-9E99-D5066B404441}.AppStore|x64.Deploy.0 = Release|x64
		{24E25E84-35FD-44E5-9E99-D5066B404441}.AppStore|x86.ActiveCfg = Release|x86
		{24E25E84-35FD-44E5-9E99-D5066B404441}.AppStore|x86.Build.0 = Release|x86
		{24E25E84-35FD-44E5-9E99-D5066B404441}.AppStore|x86.Deploy.0 = Release|x86
		{24E25E84-35FD-44E5-9E99-D5066B404441}.Debug|Any CPU.ActiveCfg = Debug|x86
		{24E25E84-35FD-44E5-9E99-D5066B404441}.Debug|Any CPU.Build.0 = Debug|x86
		{24E25E84-35FD-44E5-9E99-D5066B404441}.Debug|Any CPU.Deploy.0 = Debug|x86
		{24E25E84-35FD-44E5-9E99-D5066B404441}.Debug|ARM.ActiveCfg = Debug|ARM
		{24E25E84-35FD-44E5-9E99-D5066B404441}.Debug|ARM.Build.0 = Debug|ARM
		{24E25E84-35FD-44E5-9E99-D5066B404441}.Debug|ARM.Deploy.0 = Debug|ARM
		{24E25E84-35FD-44E5-9E99-D5066B404441}.Debug|iPhone.ActiveCfg = Debug|x86
		{24E25E84-35FD-44E5-9E99-D5066B404441}.Debug|iPhone.Build.0 = Debug|x86
		{24E25E84-35FD-44E5-9E99-D5066B404441}.Debug|iPhone.Deploy.0 = Debug|x86
		{24E25E84-35FD-44E5-9E99-D5066B404441}.Debug|iPhoneSimulator.ActiveCfg = Debug|x86
		{24E25E84-35FD-44E5-9E99-D5066B404441}.Debug|iPhoneSimulator.Build.0 = Debug|x86
		{24E25E84-35FD-44E5-9E99-D5066B404441}.Debug|iPhoneSimulator.Deploy.0 = Debug|x86
		{24E25E84-35FD-44E5-9E99-D5066B404441}.Debug|x64.ActiveCfg = Debug|x64
		{24E25E84-35FD-44E5-9E99-D5066B404441}.Debug|x64.Build.0 = Debug|x64
		{24E25E84-35FD-44E5-9E99-D5066B404441}.Debug|x64.Deploy.0 = Debug|x64
		{24E25E84-35FD-44E5-9E99-D5066B404441}.Debug|x86.ActiveCfg = Debug|x86
		{24E25E84-35FD-44E5-9E99-D5066B404441}.Debug|x86.Build.0 = Debug|x86
		{24E25E84-35FD-44E5-9E99-D5066B404441}.Debug|x86.Deploy.0 = Debug|x86
		{24E25E84-35FD-44E5-9E99-D5066B404441}.Release|Any CPU.ActiveCfg = Release|x86
		{24E25E84-35FD-44E5-9E99-D5066B404441}.Release|Any CPU.Build.0 = Release|x86
		{24E25E84-35FD-44E5-9E99-D5066B404441}.Release|Any CPU.Deploy.0 = Release|x86
		{24E25E84-35FD-44E5-9E99-D5066B404441}.Release|ARM.ActiveCfg = Release|ARM
		{24E25E84-35FD-44E5-9E99-D5066B404441}.Release|ARM.Build.0 = Release|ARM
		{24E25E84-35FD-44E5-9E99-D5066B404441}.Release|ARM.Deploy.0 = Release|ARM
		{24E25E84-35FD-44E5-9E99-D5066B404441}.Release|iPhone.ActiveCfg = Release|x86
		{24E25E84-35FD-44E5-9E99-D5066B404441}.Release|iPhone.Build.0 = Release|x86
		{24E25E84-35FD-44E5-9E99-D5066B404441}.Release|iPhone.Deploy.0 = Release|x86
		{24E25E84-35FD-44E5-9E99-D5066B404441}.Release|iPhoneSimulator.ActiveCfg = Release|x86
		{24E25E84-35FD-44E5-9E99-D5066B404441}.Release|iPhoneSimulator.Build.0 = Release|x86
		{24E25E84-35FD-44E5-9E99-D5066B404441}.Release|iPhoneSimulator.Deploy.0 = Release|x86
		{24E25E84-35FD-44E5-9E99-D5066B404441}.Release|x64.ActiveCfg = Release|x64
		{24E25E84-35FD-44E5-9E99-D5066B404441}.Release|x64.Build.0 = Release|x64
		{24E25E84-35FD-44E5-9E99-D5066B404441}.Release|x64.Deploy.0 = Release|x64
		{24E25E84-35FD-44E5-9E99-D5066B404441}.Release|x86.ActiveCfg = Release|x86
		{24E25E84-35FD-44E5-9E99-D5066B404441}.Release|x86.Build.0 = Release|x86
		{24E25E84-35FD-44E5-9E99-D5066B404441}.Release|x86.Deploy.0 = Release|x86
		{8AFC6F3B-2EA2-48B9-BABD-E0013839803A}.Ad-Hoc|Any CPU.ActiveCfg = Debug|Any CPU
		{8AFC6F3B-2EA2-48B9-BABD-E0013839803A}.Ad-Hoc|Any CPU.Build.0 = Debug|Any CPU
		{8AFC6F3B-2EA2-48B9-BABD-E0013839803A}.Ad-Hoc|Any CPU.Deploy.0 = Debug|Any CPU
		{8AFC6F3B-2EA2-48B9-BABD-E0013839803A}.Ad-Hoc|ARM.ActiveCfg = Debug|Any CPU
		{8AFC6F3B-2EA2-48B9-BABD-E0013839803A}.Ad-Hoc|ARM.Build.0 = Debug|Any CPU
		{8AFC6F3B-2EA2-48B9-BABD-E0013839803A}.Ad-Hoc|ARM.Deploy.0 = Debug|Any CPU
		{8AFC6F3B-2EA2-48B9-BABD-E0013839803A}.Ad-Hoc|iPhone.ActiveCfg = Debug|Any CPU
		{8AFC6F3B-2EA2-48B9-BABD-E0013839803A}.Ad-Hoc|iPhone.Build.0 = Debug|Any CPU
		{8AFC6F3B-2EA2-48B9-BABD-E0013839803A}.Ad-Hoc|iPhone.Deploy.0 = Debug|Any CPU
		{8AFC6F3B-2EA2-48B9-BABD-E0013839803A}.Ad-Hoc|iPhoneSimulator.ActiveCfg = Debug|Any CPU
		{8AFC6F3B-2EA2-48B9-BABD-E0013839803A}.Ad-Hoc|iPhoneSimulator.Build.0 = Debug|Any CPU
		{8AFC6F3B-2EA2-48B9-BABD-E0013839803A}.Ad-Hoc|iPhoneSimulator.Deploy.0 = Debug|Any CPU
		{8AFC6F3B-2EA2-48B9-BABD-E0013839803A}.Ad-Hoc|x64.ActiveCfg = Debug|Any CPU
		{8AFC6F3B-2EA2-48B9-BABD-E0013839803A}.Ad-Hoc|x64.Build.0 = Debug|Any CPU
		{8AFC6F3B-2EA2-48B9-BABD-E0013839803A}.Ad-Hoc|x64.Deploy.0 = Debug|Any CPU
		{8AFC6F3B-2EA2-48B9-BABD-E0013839803A}.Ad-Hoc|x86.ActiveCfg = Debug|Any CPU
		{8AFC6F3B-2EA2-48B9-BABD-E0013839803A}.Ad-Hoc|x86.Build.0 = Debug|Any CPU
		{8AFC6F3B-2EA2-48B9-BABD-E0013839803A}.Ad-Hoc|x86.Deploy.0 = Debug|Any CPU
		{8AFC6F3B-2EA2-48B9-BABD-E0013839803A}.AppStore|Any CPU.ActiveCfg = Debug|Any CPU
		{8AFC6F3B-2EA2-48B9-BABD-E0013839803A}.AppStore|Any CPU.Build.0 = Debug|Any CPU
		{8AFC6F3B-2EA2-48B9-BABD-E0013839803A}.AppStore|Any CPU.Deploy.0 = Debug|Any CPU
		{8AFC6F3B-2EA2-48B9-BABD-E0013839803A}.AppStore|ARM.ActiveCfg = Debug|Any CPU
		{8AFC6F3B-2EA2-48B9-BABD-E0013839803A}.AppStore|ARM.Build.0 = Debug|Any CPU
		{8AFC6F3B-2EA2-48B9-BABD-E0013839803A}.AppStore|ARM.Deploy.0 = Debug|Any CPU
		{8AFC6F3B-2EA2-48B9-BABD-E0013839803A}.AppStore|iPhone.ActiveCfg = Debug|Any CPU
		{8AFC6F3B-2EA2-48B9-BABD-E0013839803A}.AppStore|iPhone.Build.0 = Debug|Any CPU
		{8AFC6F3B-2EA2-48B9-BABD-E0013839803A}.AppStore|iPhone.Deploy.0 = Debug|Any CPU
		{8AFC6F3B-2EA2-48B9-BABD-E0013839803A}.AppStore|iPhoneSimulator.ActiveCfg = Debug|Any CPU
		{8AFC6F3B-2EA2-48B9-BABD-E0013839803A}.AppStore|iPhoneSimulator.Build.0 = Debug|Any CPU
		{8AFC6F3B-2EA2-48B9-BABD-E0013839803A}.AppStore|iPhoneSimulator.Deploy.0 = Debug|Any CPU
		{8AFC6F3B-2EA2-48B9-BABD-E0013839803A}.AppStore|x64.ActiveCfg = Debug|Any CPU
		{8AFC6F3B-2EA2-48B9-BABD-E0013839803A}.AppStore|x64.Build.0 = Debug|Any CPU
		{8AFC6F3B-2EA2-48B9-BABD-E0013839803A}.AppStore|x64.Deploy.0 = Debug|Any CPU
		{8AFC6F3B-2EA2-48B9-BABD-E0013839803A}.AppStore|x86.ActiveCfg = Debug|Any CPU
		{8AFC6F3B-2EA2-48B9-BABD-E0013839803A}.AppStore|x86.Build.0 = Debug|Any CPU
		{8AFC6F3B-2EA2-48B9-BABD-E0013839803A}.AppStore|x86.Deploy.0 = Debug|Any CPU
		{8AFC6F3B-2EA2-48B9-BABD-E0013839803A}.Debug|Any CPU.ActiveCfg = Debug|Any CPU
		{8AFC6F3B-2EA2-48B9-BABD-E0013839803A}.Debug|Any CPU.Build.0 = Debug|Any CPU
		{8AFC6F3B-2EA2-48B9-BABD-E0013839803A}.Debug|Any CPU.Deploy.0 = Debug|Any CPU
		{8AFC6F3B-2EA2-48B9-BABD-E0013839803A}.Debug|ARM.ActiveCfg = Debug|Any CPU
		{8AFC6F3B-2EA2-48B9-BABD-E0013839803A}.Debug|ARM.Build.0 = Debug|Any CPU
		{8AFC6F3B-2EA2-48B9-BABD-E0013839803A}.Debug|ARM.Deploy.0 = Debug|Any CPU
		{8AFC6F3B-2EA2-48B9-BABD-E0013839803A}.Debug|iPhone.ActiveCfg = Debug|Any CPU
		{8AFC6F3B-2EA2-48B9-BABD-E0013839803A}.Debug|iPhone.Build.0 = Debug|Any CPU
		{8AFC6F3B-2EA2-48B9-BABD-E0013839803A}.Debug|iPhone.Deploy.0 = Debug|Any CPU
		{8AFC6F3B-2EA2-48B9-BABD-E0013839803A}.Debug|iPhoneSimulator.ActiveCfg = Debug|Any CPU
		{8AFC6F3B-2EA2-48B9-BABD-E0013839803A}.Debug|iPhoneSimulator.Build.0 = Debug|Any CPU
		{8AFC6F3B-2EA2-48B9-BABD-E0013839803A}.Debug|iPhoneSimulator.Deploy.0 = Debug|Any CPU
		{8AFC6F3B-2EA2-48B9-BABD-E0013839803A}.Debug|x64.ActiveCfg = Debug|Any CPU
		{8AFC6F3B-2EA2-48B9-BABD-E0013839803A}.Debug|x64.Build.0 = Debug|Any CPU
		{8AFC6F3B-2EA2-48B9-BABD-E0013839803A}.Debug|x64.Deploy.0 = Debug|Any CPU
		{8AFC6F3B-2EA2-48B9-BABD-E0013839803A}.Debug|x86.ActiveCfg = Debug|Any CPU
		{8AFC6F3B-2EA2-48B9-BABD-E0013839803A}.Debug|x86.Build.0 = Debug|Any CPU
		{8AFC6F3B-2EA2-48B9-BABD-E0013839803A}.Debug|x86.Deploy.0 = Debug|Any CPU
		{8AFC6F3B-2EA2-48B9-BABD-E0013839803A}.Release|Any CPU.ActiveCfg = Release|Any CPU
		{8AFC6F3B-2EA2-48B9-BABD-E0013839803A}.Release|Any CPU.Build.0 = Release|Any CPU
		{8AFC6F3B-2EA2-48B9-BABD-E0013839803A}.Release|Any CPU.Deploy.0 = Release|Any CPU
		{8AFC6F3B-2EA2-48B9-BABD-E0013839803A}.Release|ARM.ActiveCfg = Release|Any CPU
		{8AFC6F3B-2EA2-48B9-BABD-E0013839803A}.Release|ARM.Build.0 = Release|Any CPU
		{8AFC6F3B-2EA2-48B9-BABD-E0013839803A}.Release|ARM.Deploy.0 = Release|Any CPU
		{8AFC6F3B-2EA2-48B9-BABD-E0013839803A}.Release|iPhone.ActiveCfg = Release|Any CPU
		{8AFC6F3B-2EA2-48B9-BABD-E0013839803A}.Release|iPhone.Build.0 = Release|Any CPU
		{8AFC6F3B-2EA2-48B9-BABD-E0013839803A}.Release|iPhone.Deploy.0 = Release|Any CPU
		{8AFC6F3B-2EA2-48B9-BABD-E0013839803A}.Release|iPhoneSimulator.ActiveCfg = Release|Any CPU
		{8AFC6F3B-2EA2-48B9-BABD-E0013839803A}.Release|iPhoneSimulator.Build.0 = Release|Any CPU
		{8AFC6F3B-2EA2-48B9-BABD-E0013839803A}.Release|iPhoneSimulator.Deploy.0 = Release|Any CPU
		{8AFC6F3B-2EA2-48B9-BABD-E0013839803A}.Release|x64.ActiveCfg = Release|Any CPU
		{8AFC6F3B-2EA2-48B9-BABD-E0013839803A}.Release|x64.Build.0 = Release|Any CPU
		{8AFC6F3B-2EA2-48B9-BABD-E0013839803A}.Release|x64.Deploy.0 = Release|Any CPU
		{8AFC6F3B-2EA2-48B9-BABD-E0013839803A}.Release|x86.ActiveCfg = Release|Any CPU
		{8AFC6F3B-2EA2-48B9-BABD-E0013839803A}.Release|x86.Build.0 = Release|Any CPU
		{8AFC6F3B-2EA2-48B9-BABD-E0013839803A}.Release|x86.Deploy.0 = Release|Any CPU
	EndGlobalSection
	GlobalSection(SolutionProperties) = preSolution
		HideSolutionNode = FALSE
	EndGlobalSection
	GlobalSection(ExtensibilityGlobals) = postSolution
		SolutionGuid = {2EF7660B-FFF4-4901-A4A6-9EB481541F0C}
	EndGlobalSection
EndGlobal
